// !$*UTF8*$!
{
	archiveVersion = 1;
	classes = {
	};
	objectVersion = 56;
	objects = {

/* Begin PBXBuildFile section */
		55C57F372938F9F1009D4617 /* tabnews_ios_appApp.swift in Sources */ = {isa = PBXBuildFile; fileRef = 55C57F362938F9F1009D4617 /* tabnews_ios_appApp.swift */; };
		55C57F392938F9F1009D4617 /* ContentView.swift in Sources */ = {isa = PBXBuildFile; fileRef = 55C57F382938F9F1009D4617 /* ContentView.swift */; };
		55C57F3B2938F9F2009D4617 /* Assets.xcassets in Resources */ = {isa = PBXBuildFile; fileRef = 55C57F3A2938F9F2009D4617 /* Assets.xcassets */; };
		55C57F3E2938F9F2009D4617 /* Preview Assets.xcassets in Resources */ = {isa = PBXBuildFile; fileRef = 55C57F3D2938F9F2009D4617 /* Preview Assets.xcassets */; };
		55C57F482938F9F3009D4617 /* tabnews_ios_appTests.swift in Sources */ = {isa = PBXBuildFile; fileRef = 55C57F472938F9F3009D4617 /* tabnews_ios_appTests.swift */; };
		55C57F522938F9F3009D4617 /* tabnews_ios_appUITests.swift in Sources */ = {isa = PBXBuildFile; fileRef = 55C57F512938F9F3009D4617 /* tabnews_ios_appUITests.swift */; };
		55C57F542938F9F3009D4617 /* tabnews_ios_appUITestsLaunchTests.swift in Sources */ = {isa = PBXBuildFile; fileRef = 55C57F532938F9F3009D4617 /* tabnews_ios_appUITestsLaunchTests.swift */; };
/* End PBXBuildFile section */

/* Begin PBXContainerItemProxy section */
		55C57F442938F9F3009D4617 /* PBXContainerItemProxy */ = {
			isa = PBXContainerItemProxy;
			containerPortal = 55C57F2B2938F9F1009D4617 /* Project object */;
			proxyType = 1;
			remoteGlobalIDString = 55C57F322938F9F1009D4617;
			remoteInfo = "tabnews-ios-app";
		};
		55C57F4E2938F9F3009D4617 /* PBXContainerItemProxy */ = {
			isa = PBXContainerItemProxy;
			containerPortal = 55C57F2B2938F9F1009D4617 /* Project object */;
			proxyType = 1;
			remoteGlobalIDString = 55C57F322938F9F1009D4617;
			remoteInfo = "tabnews-ios-app";
		};
/* End PBXContainerItemProxy section */

/* Begin PBXFileReference section */
		55C57F332938F9F1009D4617 /* tabnews-ios-app.app */ = {isa = PBXFileReference; explicitFileType = wrapper.application; includeInIndex = 0; path = "tabnews-ios-app.app"; sourceTree = BUILT_PRODUCTS_DIR; };
		55C57F362938F9F1009D4617 /* tabnews_ios_appApp.swift */ = {isa = PBXFileReference; lastKnownFileType = sourcecode.swift; path = tabnews_ios_appApp.swift; sourceTree = "<group>"; };
		55C57F382938F9F1009D4617 /* ContentView.swift */ = {isa = PBXFileReference; lastKnownFileType = sourcecode.swift; path = ContentView.swift; sourceTree = "<group>"; };
		55C57F3A2938F9F2009D4617 /* Assets.xcassets */ = {isa = PBXFileReference; lastKnownFileType = folder.assetcatalog; path = Assets.xcassets; sourceTree = "<group>"; };
		55C57F3D2938F9F2009D4617 /* Preview Assets.xcassets */ = {isa = PBXFileReference; lastKnownFileType = folder.assetcatalog; path = "Preview Assets.xcassets"; sourceTree = "<group>"; };
		55C57F432938F9F3009D4617 /* tabnews-ios-appTests.xctest */ = {isa = PBXFileReference; explicitFileType = wrapper.cfbundle; includeInIndex = 0; path = "tabnews-ios-appTests.xctest"; sourceTree = BUILT_PRODUCTS_DIR; };
		55C57F472938F9F3009D4617 /* tabnews_ios_appTests.swift */ = {isa = PBXFileReference; lastKnownFileType = sourcecode.swift; path = tabnews_ios_appTests.swift; sourceTree = "<group>"; };
		55C57F4D2938F9F3009D4617 /* tabnews-ios-appUITests.xctest */ = {isa = PBXFileReference; explicitFileType = wrapper.cfbundle; includeInIndex = 0; path = "tabnews-ios-appUITests.xctest"; sourceTree = BUILT_PRODUCTS_DIR; };
		55C57F512938F9F3009D4617 /* tabnews_ios_appUITests.swift */ = {isa = PBXFileReference; lastKnownFileType = sourcecode.swift; path = tabnews_ios_appUITests.swift; sourceTree = "<group>"; };
		55C57F532938F9F3009D4617 /* tabnews_ios_appUITestsLaunchTests.swift */ = {isa = PBXFileReference; lastKnownFileType = sourcecode.swift; path = tabnews_ios_appUITestsLaunchTests.swift; sourceTree = "<group>"; };
/* End PBXFileReference section */

/* Begin PBXFrameworksBuildPhase section */
		55C57F302938F9F1009D4617 /* Frameworks */ = {
			isa = PBXFrameworksBuildPhase;
			buildActionMask = 2147483647;
			files = (
			);
			runOnlyForDeploymentPostprocessing = 0;
		};
		55C57F402938F9F3009D4617 /* Frameworks */ = {
			isa = PBXFrameworksBuildPhase;
			buildActionMask = 2147483647;
			files = (
			);
			runOnlyForDeploymentPostprocessing = 0;
		};
		55C57F4A2938F9F3009D4617 /* Frameworks */ = {
			isa = PBXFrameworksBuildPhase;
			buildActionMask = 2147483647;
			files = (
			);
			runOnlyForDeploymentPostprocessing = 0;
		};
/* End PBXFrameworksBuildPhase section */

/* Begin PBXGroup section */
		55C57F2A2938F9F1009D4617 = {
			isa = PBXGroup;
			children = (
				55C57F352938F9F1009D4617 /* tabnews-ios-app */,
				55C57F462938F9F3009D4617 /* tabnews-ios-appTests */,
				55C57F502938F9F3009D4617 /* tabnews-ios-appUITests */,
				55C57F342938F9F1009D4617 /* Products */,
			);
			sourceTree = "<group>";
		};
		55C57F342938F9F1009D4617 /* Products */ = {
			isa = PBXGroup;
			children = (
				55C57F332938F9F1009D4617 /* tabnews-ios-app.app */,
				55C57F432938F9F3009D4617 /* tabnews-ios-appTests.xctest */,
				55C57F4D2938F9F3009D4617 /* tabnews-ios-appUITests.xctest */,
			);
			name = Products;
			sourceTree = "<group>";
		};
		55C57F352938F9F1009D4617 /* tabnews-ios-app */ = {
			isa = PBXGroup;
			children = (
				55C57F362938F9F1009D4617 /* tabnews_ios_appApp.swift */,
				55C57F382938F9F1009D4617 /* ContentView.swift */,
				55C57F3A2938F9F2009D4617 /* Assets.xcassets */,
				55C57F3C2938F9F2009D4617 /* Preview Content */,
			);
			path = "tabnews-ios-app";
			sourceTree = "<group>";
		};
		55C57F3C2938F9F2009D4617 /* Preview Content */ = {
			isa = PBXGroup;
			children = (
				55C57F3D2938F9F2009D4617 /* Preview Assets.xcassets */,
			);
			path = "Preview Content";
			sourceTree = "<group>";
		};
		55C57F462938F9F3009D4617 /* tabnews-ios-appTests */ = {
			isa = PBXGroup;
			children = (
				55C57F472938F9F3009D4617 /* tabnews_ios_appTests.swift */,
			);
			path = "tabnews-ios-appTests";
			sourceTree = "<group>";
		};
		55C57F502938F9F3009D4617 /* tabnews-ios-appUITests */ = {
			isa = PBXGroup;
			children = (
				55C57F512938F9F3009D4617 /* tabnews_ios_appUITests.swift */,
				55C57F532938F9F3009D4617 /* tabnews_ios_appUITestsLaunchTests.swift */,
			);
			path = "tabnews-ios-appUITests";
			sourceTree = "<group>";
		};
/* End PBXGroup section */

/* Begin PBXNativeTarget section */
		55C57F322938F9F1009D4617 /* tabnews-ios-app */ = {
			isa = PBXNativeTarget;
			buildConfigurationList = 55C57F572938F9F3009D4617 /* Build configuration list for PBXNativeTarget "tabnews-ios-app" */;
			buildPhases = (
				55C57F2F2938F9F1009D4617 /* Sources */,
				55C57F302938F9F1009D4617 /* Frameworks */,
				55C57F312938F9F1009D4617 /* Resources */,
			);
			buildRules = (
			);
			dependencies = (
			);
			name = "tabnews-ios-app";
			productName = "tabnews-ios-app";
			productReference = 55C57F332938F9F1009D4617 /* tabnews-ios-app.app */;
			productType = "com.apple.product-type.application";
		};
		55C57F422938F9F3009D4617 /* tabnews-ios-appTests */ = {
			isa = PBXNativeTarget;
			buildConfigurationList = 55C57F5A2938F9F3009D4617 /* Build configuration list for PBXNativeTarget "tabnews-ios-appTests" */;
			buildPhases = (
				55C57F3F2938F9F3009D4617 /* Sources */,
				55C57F402938F9F3009D4617 /* Frameworks */,
				55C57F412938F9F3009D4617 /* Resources */,
			);
			buildRules = (
			);
			dependencies = (
				55C57F452938F9F3009D4617 /* PBXTargetDependency */,
			);
			name = "tabnews-ios-appTests";
			productName = "tabnews-ios-appTests";
			productReference = 55C57F432938F9F3009D4617 /* tabnews-ios-appTests.xctest */;
			productType = "com.apple.product-type.bundle.unit-test";
		};
		55C57F4C2938F9F3009D4617 /* tabnews-ios-appUITests */ = {
			isa = PBXNativeTarget;
			buildConfigurationList = 55C57F5D2938F9F3009D4617 /* Build configuration list for PBXNativeTarget "tabnews-ios-appUITests" */;
			buildPhases = (
				55C57F492938F9F3009D4617 /* Sources */,
				55C57F4A2938F9F3009D4617 /* Frameworks */,
				55C57F4B2938F9F3009D4617 /* Resources */,
			);
			buildRules = (
			);
			dependencies = (
				55C57F4F2938F9F3009D4617 /* PBXTargetDependency */,
			);
			name = "tabnews-ios-appUITests";
			productName = "tabnews-ios-appUITests";
			productReference = 55C57F4D2938F9F3009D4617 /* tabnews-ios-appUITests.xctest */;
			productType = "com.apple.product-type.bundle.ui-testing";
		};
/* End PBXNativeTarget section */

/* Begin PBXProject section */
		55C57F2B2938F9F1009D4617 /* Project object */ = {
			isa = PBXProject;
			attributes = {
				BuildIndependentTargetsInParallel = 1;
				LastSwiftUpdateCheck = 1410;
				LastUpgradeCheck = 1410;
				TargetAttributes = {
					55C57F322938F9F1009D4617 = {
						CreatedOnToolsVersion = 14.1;
					};
					55C57F422938F9F3009D4617 = {
						CreatedOnToolsVersion = 14.1;
						TestTargetID = 55C57F322938F9F1009D4617;
					};
					55C57F4C2938F9F3009D4617 = {
						CreatedOnToolsVersion = 14.1;
						TestTargetID = 55C57F322938F9F1009D4617;
					};
				};
			};
			buildConfigurationList = 55C57F2E2938F9F1009D4617 /* Build configuration list for PBXProject "tabnews-ios-app" */;
			compatibilityVersion = "Xcode 14.0";
			developmentRegion = en;
			hasScannedForEncodings = 0;
			knownRegions = (
				en,
				Base,
			);
			mainGroup = 55C57F2A2938F9F1009D4617;
			productRefGroup = 55C57F342938F9F1009D4617 /* Products */;
			projectDirPath = "";
			projectRoot = "";
			targets = (
				55C57F322938F9F1009D4617 /* tabnews-ios-app */,
				55C57F422938F9F3009D4617 /* tabnews-ios-appTests */,
				55C57F4C2938F9F3009D4617 /* tabnews-ios-appUITests */,
			);
		};
/* End PBXProject section */

/* Begin PBXResourcesBuildPhase section */
		55C57F312938F9F1009D4617 /* Resources */ = {
			isa = PBXResourcesBuildPhase;
			buildActionMask = 2147483647;
			files = (
				55C57F3E2938F9F2009D4617 /* Preview Assets.xcassets in Resources */,
				55C57F3B2938F9F2009D4617 /* Assets.xcassets in Resources */,
			);
			runOnlyForDeploymentPostprocessing = 0;
		};
		55C57F412938F9F3009D4617 /* Resources */ = {
			isa = PBXResourcesBuildPhase;
			buildActionMask = 2147483647;
			files = (
			);
			runOnlyForDeploymentPostprocessing = 0;
		};
		55C57F4B2938F9F3009D4617 /* Resources */ = {
			isa = PBXResourcesBuildPhase;
			buildActionMask = 2147483647;
			files = (
			);
			runOnlyForDeploymentPostprocessing = 0;
		};
/* End PBXResourcesBuildPhase section */

/* Begin PBXSourcesBuildPhase section */
		55C57F2F2938F9F1009D4617 /* Sources */ = {
			isa = PBXSourcesBuildPhase;
			buildActionMask = 2147483647;
			files = (
				55C57F392938F9F1009D4617 /* ContentView.swift in Sources */,
				55C57F372938F9F1009D4617 /* tabnews_ios_appApp.swift in Sources */,
			);
			runOnlyForDeploymentPostprocessing = 0;
		};
		55C57F3F2938F9F3009D4617 /* Sources */ = {
			isa = PBXSourcesBuildPhase;
			buildActionMask = 2147483647;
			files = (
				55C57F482938F9F3009D4617 /* tabnews_ios_appTests.swift in Sources */,
			);
			runOnlyForDeploymentPostprocessing = 0;
		};
		55C57F492938F9F3009D4617 /* Sources */ = {
			isa = PBXSourcesBuildPhase;
			buildActionMask = 2147483647;
			files = (
				55C57F522938F9F3009D4617 /* tabnews_ios_appUITests.swift in Sources */,
				55C57F542938F9F3009D4617 /* tabnews_ios_appUITestsLaunchTests.swift in Sources */,
			);
			runOnlyForDeploymentPostprocessing = 0;
		};
/* End PBXSourcesBuildPhase section */

/* Begin PBXTargetDependency section */
		55C57F452938F9F3009D4617 /* PBXTargetDependency */ = {
			isa = PBXTargetDependency;
			target = 55C57F322938F9F1009D4617 /* tabnews-ios-app */;
			targetProxy = 55C57F442938F9F3009D4617 /* PBXContainerItemProxy */;
		};
		55C57F4F2938F9F3009D4617 /* PBXTargetDependency */ = {
			isa = PBXTargetDependency;
			target = 55C57F322938F9F1009D4617 /* tabnews-ios-app */;
			targetProxy = 55C57F4E2938F9F3009D4617 /* PBXContainerItemProxy */;
		};
/* End PBXTargetDependency section */

/* Begin XCBuildConfiguration section */
		55C57F552938F9F3009D4617 /* Debug */ = {
			isa = XCBuildConfiguration;
			buildSettings = {
				ALWAYS_SEARCH_USER_PATHS = NO;
				CLANG_ANALYZER_NONNULL = YES;
				CLANG_ANALYZER_NUMBER_OBJECT_CONVERSION = YES_AGGRESSIVE;
				CLANG_CXX_LANGUAGE_STANDARD = "gnu++20";
				CLANG_ENABLE_MODULES = YES;
				CLANG_ENABLE_OBJC_ARC = YES;
				CLANG_ENABLE_OBJC_WEAK = YES;
				CLANG_WARN_BLOCK_CAPTURE_AUTORELEASING = YES;
				CLANG_WARN_BOOL_CONVERSION = YES;
				CLANG_WARN_COMMA = YES;
				CLANG_WARN_CONSTANT_CONVERSION = YES;
				CLANG_WARN_DEPRECATED_OBJC_IMPLEMENTATIONS = YES;
				CLANG_WARN_DIRECT_OBJC_ISA_USAGE = YES_ERROR;
				CLANG_WARN_DOCUMENTATION_COMMENTS = YES;
				CLANG_WARN_EMPTY_BODY = YES;
				CLANG_WARN_ENUM_CONVERSION = YES;
				CLANG_WARN_INFINITE_RECURSION = YES;
				CLANG_WARN_INT_CONVERSION = YES;
				CLANG_WARN_NON_LITERAL_NULL_CONVERSION = YES;
				CLANG_WARN_OBJC_IMPLICIT_RETAIN_SELF = YES;
				CLANG_WARN_OBJC_LITERAL_CONVERSION = YES;
				CLANG_WARN_OBJC_ROOT_CLASS = YES_ERROR;
				CLANG_WARN_QUOTED_INCLUDE_IN_FRAMEWORK_HEADER = YES;
				CLANG_WARN_RANGE_LOOP_ANALYSIS = YES;
				CLANG_WARN_STRICT_PROTOTYPES = YES;
				CLANG_WARN_SUSPICIOUS_MOVE = YES;
				CLANG_WARN_UNGUARDED_AVAILABILITY = YES_AGGRESSIVE;
				CLANG_WARN_UNREACHABLE_CODE = YES;
				CLANG_WARN__DUPLICATE_METHOD_MATCH = YES;
				COPY_PHASE_STRIP = NO;
				DEBUG_INFORMATION_FORMAT = dwarf;
				ENABLE_STRICT_OBJC_MSGSEND = YES;
				ENABLE_TESTABILITY = YES;
				GCC_C_LANGUAGE_STANDARD = gnu11;
				GCC_DYNAMIC_NO_PIC = NO;
				GCC_NO_COMMON_BLOCKS = YES;
				GCC_OPTIMIZATION_LEVEL = 0;
				GCC_PREPROCESSOR_DEFINITIONS = (
					"DEBUG=1",
					"$(inherited)",
				);
				GCC_WARN_64_TO_32_BIT_CONVERSION = YES;
				GCC_WARN_ABOUT_RETURN_TYPE = YES_ERROR;
				GCC_WARN_UNDECLARED_SELECTOR = YES;
				GCC_WARN_UNINITIALIZED_AUTOS = YES_AGGRESSIVE;
				GCC_WARN_UNUSED_FUNCTION = YES;
				GCC_WARN_UNUSED_VARIABLE = YES;
				IPHONEOS_DEPLOYMENT_TARGET = 16.1;
				MTL_ENABLE_DEBUG_INFO = INCLUDE_SOURCE;
				MTL_FAST_MATH = YES;
				ONLY_ACTIVE_ARCH = YES;
				SDKROOT = iphoneos;
				SWIFT_ACTIVE_COMPILATION_CONDITIONS = DEBUG;
				SWIFT_OPTIMIZATION_LEVEL = "-Onone";
			};
			name = Debug;
		};
		55C57F562938F9F3009D4617 /* Release */ = {
			isa = XCBuildConfiguration;
			buildSettings = {
				ALWAYS_SEARCH_USER_PATHS = NO;
				CLANG_ANALYZER_NONNULL = YES;
				CLANG_ANALYZER_NUMBER_OBJECT_CONVERSION = YES_AGGRESSIVE;
				CLANG_CXX_LANGUAGE_STANDARD = "gnu++20";
				CLANG_ENABLE_MODULES = YES;
				CLANG_ENABLE_OBJC_ARC = YES;
				CLANG_ENABLE_OBJC_WEAK = YES;
				CLANG_WARN_BLOCK_CAPTURE_AUTORELEASING = YES;
				CLANG_WARN_BOOL_CONVERSION = YES;
				CLANG_WARN_COMMA = YES;
				CLANG_WARN_CONSTANT_CONVERSION = YES;
				CLANG_WARN_DEPRECATED_OBJC_IMPLEMENTATIONS = YES;
				CLANG_WARN_DIRECT_OBJC_ISA_USAGE = YES_ERROR;
				CLANG_WARN_DOCUMENTATION_COMMENTS = YES;
				CLANG_WARN_EMPTY_BODY = YES;
				CLANG_WARN_ENUM_CONVERSION = YES;
				CLANG_WARN_INFINITE_RECURSION = YES;
				CLANG_WARN_INT_CONVERSION = YES;
				CLANG_WARN_NON_LITERAL_NULL_CONVERSION = YES;
				CLANG_WARN_OBJC_IMPLICIT_RETAIN_SELF = YES;
				CLANG_WARN_OBJC_LITERAL_CONVERSION = YES;
				CLANG_WARN_OBJC_ROOT_CLASS = YES_ERROR;
				CLANG_WARN_QUOTED_INCLUDE_IN_FRAMEWORK_HEADER = YES;
				CLANG_WARN_RANGE_LOOP_ANALYSIS = YES;
				CLANG_WARN_STRICT_PROTOTYPES = YES;
				CLANG_WARN_SUSPICIOUS_MOVE = YES;
				CLANG_WARN_UNGUARDED_AVAILABILITY = YES_AGGRESSIVE;
				CLANG_WARN_UNREACHABLE_CODE = YES;
				CLANG_WARN__DUPLICATE_METHOD_MATCH = YES;
				COPY_PHASE_STRIP = NO;
				DEBUG_INFORMATION_FORMAT = "dwarf-with-dsym";
				ENABLE_NS_ASSERTIONS = NO;
				ENABLE_STRICT_OBJC_MSGSEND = YES;
				GCC_C_LANGUAGE_STANDARD = gnu11;
				GCC_NO_COMMON_BLOCKS = YES;
				GCC_WARN_64_TO_32_BIT_CONVERSION = YES;
				GCC_WARN_ABOUT_RETURN_TYPE = YES_ERROR;
				GCC_WARN_UNDECLARED_SELECTOR = YES;
				GCC_WARN_UNINITIALIZED_AUTOS = YES_AGGRESSIVE;
				GCC_WARN_UNUSED_FUNCTION = YES;
				GCC_WARN_UNUSED_VARIABLE = YES;
				IPHONEOS_DEPLOYMENT_TARGET = 16.1;
				MTL_ENABLE_DEBUG_INFO = NO;
				MTL_FAST_MATH = YES;
				SDKROOT = iphoneos;
				SWIFT_COMPILATION_MODE = wholemodule;
				SWIFT_OPTIMIZATION_LEVEL = "-O";
				VALIDATE_PRODUCT = YES;
			};
			name = Release;
		};
		55C57F582938F9F3009D4617 /* Debug */ = {
			isa = XCBuildConfiguration;
			buildSettings = {
				ASSETCATALOG_COMPILER_APPICON_NAME = AppIcon;
				ASSETCATALOG_COMPILER_GLOBAL_ACCENT_COLOR_NAME = AccentColor;
				CODE_SIGN_STYLE = Automatic;
				CURRENT_PROJECT_VERSION = 1;
				DEVELOPMENT_ASSET_PATHS = "\"tabnews-ios-app/Preview Content\"";
				ENABLE_PREVIEWS = YES;
				GENERATE_INFOPLIST_FILE = YES;
				INFOPLIST_KEY_UIApplicationSceneManifest_Generation = YES;
				INFOPLIST_KEY_UIApplicationSupportsIndirectInputEvents = YES;
				INFOPLIST_KEY_UILaunchScreen_Generation = YES;
				INFOPLIST_KEY_UISupportedInterfaceOrientations_iPad = "UIInterfaceOrientationPortrait UIInterfaceOrientationPortraitUpsideDown UIInterfaceOrientationLandscapeLeft UIInterfaceOrientationLandscapeRight";
				INFOPLIST_KEY_UISupportedInterfaceOrientations_iPhone = "UIInterfaceOrientationPortrait UIInterfaceOrientationLandscapeLeft UIInterfaceOrientationLandscapeRight";
				LD_RUNPATH_SEARCH_PATHS = (
					"$(inherited)",
					"@executable_path/Frameworks",
				);
				MARKETING_VERSION = 1.0;
				PRODUCT_BUNDLE_IDENTIFIER = "com.felipe.tabnews-ios-app";
				PRODUCT_NAME = "$(TARGET_NAME)";
				SWIFT_EMIT_LOC_STRINGS = YES;
				SWIFT_VERSION = 5.0;
				TARGETED_DEVICE_FAMILY = "1,2";
			};
			name = Debug;
		};
		55C57F592938F9F3009D4617 /* Release */ = {
			isa = XCBuildConfiguration;
			buildSettings = {
				ASSETCATALOG_COMPILER_APPICON_NAME = AppIcon;
				ASSETCATALOG_COMPILER_GLOBAL_ACCENT_COLOR_NAME = AccentColor;
				CODE_SIGN_STYLE = Automatic;
				CURRENT_PROJECT_VERSION = 1;
				DEVELOPMENT_ASSET_PATHS = "\"tabnews-ios-app/Preview Content\"";
				ENABLE_PREVIEWS = YES;
				GENERATE_INFOPLIST_FILE = YES;
				INFOPLIST_KEY_UIApplicationSceneManifest_Generation = YES;
				INFOPLIST_KEY_UIApplicationSupportsIndirectInputEvents = YES;
				INFOPLIST_KEY_UILaunchScreen_Generation = YES;
				INFOPLIST_KEY_UISupportedInterfaceOrientations_iPad = "UIInterfaceOrientationPortrait UIInterfaceOrientationPortraitUpsideDown UIInterfaceOrientationLandscapeLeft UIInterfaceOrientationLandscapeRight";
				INFOPLIST_KEY_UISupportedInterfaceOrientations_iPhone = "UIInterfaceOrientationPortrait UIInterfaceOrientationLandscapeLeft UIInterfaceOrientationLandscapeRight";
				LD_RUNPATH_SEARCH_PATHS = (
					"$(inherited)",
					"@executable_path/Frameworks",
				);
				MARKETING_VERSION = 1.0;
				PRODUCT_BUNDLE_IDENTIFIER = "com.felipe.tabnews-ios-app";
				PRODUCT_NAME = "$(TARGET_NAME)";
				SWIFT_EMIT_LOC_STRINGS = YES;
				SWIFT_VERSION = 5.0;
				TARGETED_DEVICE_FAMILY = "1,2";
			};
			name = Release;
		};
		55C57F5B2938F9F3009D4617 /* Debug */ = {
			isa = XCBuildConfiguration;
			buildSettings = {
				ALWAYS_EMBED_SWIFT_STANDARD_LIBRARIES = YES;
				BUNDLE_LOADER = "$(TEST_HOST)";
				CODE_SIGN_STYLE = Automatic;
				CURRENT_PROJECT_VERSION = 1;
				GENERATE_INFOPLIST_FILE = YES;
				IPHONEOS_DEPLOYMENT_TARGET = 16.1;
				MARKETING_VERSION = 1.0;
				PRODUCT_BUNDLE_IDENTIFIER = "com.felipe.tabnews-ios-appTests";
				PRODUCT_NAME = "$(TARGET_NAME)";
				SWIFT_EMIT_LOC_STRINGS = NO;
				SWIFT_VERSION = 5.0;
				TARGETED_DEVICE_FAMILY = "1,2";
				TEST_HOST = "$(BUILT_PRODUCTS_DIR)/tabnews-ios-app.app/$(BUNDLE_EXECUTABLE_FOLDER_PATH)/tabnews-ios-app";
			};
			name = Debug;
		};
		55C57F5C2938F9F3009D4617 /* Release */ = {
			isa = XCBuildConfiguration;
			buildSettings = {
				ALWAYS_EMBED_SWIFT_STANDARD_LIBRARIES = YES;
				BUNDLE_LOADER = "$(TEST_HOST)";
				CODE_SIGN_STYLE = Automatic;
				CURRENT_PROJECT_VERSION = 1;
				GENERATE_INFOPLIST_FILE = YES;
				IPHONEOS_DEPLOYMENT_TARGET = 16.1;
				MARKETING_VERSION = 1.0;
				PRODUCT_BUNDLE_IDENTIFIER = "com.felipe.tabnews-ios-appTests";
				PRODUCT_NAME = "$(TARGET_NAME)";
				SWIFT_EMIT_LOC_STRINGS = NO;
				SWIFT_VERSION = 5.0;
				TARGETED_DEVICE_FAMILY = "1,2";
				TEST_HOST = "$(BUILT_PRODUCTS_DIR)/tabnews-ios-app.app/$(BUNDLE_EXECUTABLE_FOLDER_PATH)/tabnews-ios-app";
			};
			name = Release;
		};
		55C57F5E2938F9F3009D4617 /* Debug */ = {
			isa = XCBuildConfiguration;
			buildSettings = {
				ALWAYS_EMBED_SWIFT_STANDARD_LIBRARIES = YES;
				CODE_SIGN_STYLE = Automatic;
				CURRENT_PROJECT_VERSION = 1;
				GENERATE_INFOPLIST_FILE = YES;
				MARKETING_VERSION = 1.0;
				PRODUCT_BUNDLE_IDENTIFIER = "com.felipe.tabnews-ios-appUITests";
				PRODUCT_NAME = "$(TARGET_NAME)";
				SWIFT_EMIT_LOC_STRINGS = NO;
				SWIFT_VERSION = 5.0;
				TARGETED_DEVICE_FAMILY = "1,2";
				TEST_TARGET_NAME = "tabnews-ios-app";
			};
			name = Debug;
		};
		55C57F5F2938F9F3009D4617 /* Release */ = {
			isa = XCBuildConfiguration;
			buildSettings = {
				ALWAYS_EMBED_SWIFT_STANDARD_LIBRARIES = YES;
				CODE_SIGN_STYLE = Automatic;
				CURRENT_PROJECT_VERSION = 1;
				GENERATE_INFOPLIST_FILE = YES;
				MARKETING_VERSION = 1.0;
				PRODUCT_BUNDLE_IDENTIFIER = "com.felipe.tabnews-ios-appUITests";
				PRODUCT_NAME = "$(TARGET_NAME)";
				SWIFT_EMIT_LOC_STRINGS = NO;
				SWIFT_VERSION = 5.0;
				TARGETED_DEVICE_FAMILY = "1,2";
				TEST_TARGET_NAME = "tabnews-ios-app";
			};
			name = Release;
		};
/* End XCBuildConfiguration section */

/* Begin XCConfigurationList section */
		55C57F2E2938F9F1009D4617 /* Build configuration list for PBXProject "tabnews-ios-app" */ = {
			isa = XCConfigurationList;
			buildConfigurations = (
				55C57F552938F9F3009D4617 /* Debug */,
				55C57F562938F9F3009D4617 /* Release */,
			);
			defaultConfigurationIsVisible = 0;
			defaultConfigurationName = Release;
		};
		55C57F572938F9F3009D4617 /* Build configuration list for PBXNativeTarget "tabnews-ios-app" */ = {
			isa = XCConfigurationList;
			buildConfigurations = (
				55C57F582938F9F3009D4617 /* Debug */,
				55C57F592938F9F3009D4617 /* Release */,
			);
			defaultConfigurationIsVisible = 0;
			defaultConfigurationName = Release;
		};
		55C57F5A2938F9F3009D4617 /* Build configuration list for PBXNativeTarget "tabnews-ios-appTests" */ = {
			isa = XCConfigurationList;
			buildConfigurations = (
				55C57F5B2938F9F3009D4617 /* Debug */,
				55C57F5C2938F9F3009D4617 /* Release */,
			);
			defaultConfigurationIsVisible = 0;
			defaultConfigurationName = Release;
		};
		55C57F5D2938F9F3009D4617 /* Build configuration list for PBXNativeTarget "tabnews-ios-appUITests" */ = {
			isa = XCConfigurationList;
			buildConfigurations = (
				55C57F5E2938F9F3009D4617 /* Debug */,
				55C57F5F2938F9F3009D4617 /* Release */,
			);
			defaultConfigurationIsVisible = 0;
			defaultConfigurationName = Release;
		};
/* End XCConfigurationList section */
	};
	rootObject = 55C57F2B2938F9F1009D4617 /* Project object */;
}
